
Microsoft Visual Studio Solution File, Format Version 12.00
# Visual Studio Version 16
VisualStudioVersion = 16.0.30404.54
MinimumVisualStudioVersion = 10.0.40219.1
Project("{9A19103F-16F7-4668-BE54-9A1E7A4F7556}") = "ScrabbleScore", "ScrabbleScore.csproj", "{CE02E50B-2EA2-4DB8-BA4E-89476116BFFA}"
EndProject
Global
	GlobalSection(SolutionConfigurationPlatforms) = preSolution
		Debug|Any CPU = Debug|Any CPU
		Release|Any CPU = Release|Any CPU
	EndGlobalSection
	GlobalSection(ProjectConfigurationPlatforms) = postSolution
		{CE02E50B-2EA2-4DB8-BA4E-89476116BFFA}.Debug|Any CPU.ActiveCfg = Debug|Any CPU
		{CE02E50B-2EA2-4DB8-BA4E-89476116BFFA}.Debug|Any CPU.Build.0 = Debug|Any CPU
		{CE02E50B-2EA2-4DB8-BA4E-89476116BFFA}.Release|Any CPU.ActiveCfg = Release|Any CPU
		{CE02E50B-2EA2-4DB8-BA4E-89476116BFFA}.Release|Any CPU.Build.0 = Release|Any CPU
	EndGlobalSection
	GlobalSection(SolutionProperties) = preSolution
		HideSolutionNode = FALSE
	EndGlobalSection
	GlobalSection(ExtensibilityGlobals) = postSolution
		SolutionGuid = {BD45C986-7E4A-408E-924C-F75EF311289E}
	EndGlobalSection
EndGlobal
